
Microsoft Visual Studio Solution File, Format Version 12.00
# Visual Studio Version 16
VisualStudioVersion = 16.0.29613.14
MinimumVisualStudioVersion = 10.0.40219.1
Project("{FAE04EC0-301F-11D3-BF4B-00C04F79EFBC}") = "Openhab.Proxy.Api", "Openhab.Proxy.Api\Openhab.Proxy.Api.csproj", "{1514F1EF-3348-48A3-A1DC-7CC8FE7059C4}"
EndProject
Project("{FAE04EC0-301F-11D3-BF4B-00C04F79EFBC}") = "Openhab.Client", "Openhab.Client\Openhab.Client.csproj", "{D387BAA3-69F9-434E-94D4-95AFF4F68068}"
EndProject
Global
	GlobalSection(SolutionConfigurationPlatforms) = preSolution
		Debug|Any CPU = Debug|Any CPU
		Release|Any CPU = Release|Any CPU
	EndGlobalSection
	GlobalSection(ProjectConfigurationPlatforms) = postSolution
		{1514F1EF-3348-48A3-A1DC-7CC8FE7059C4}.Debug|Any CPU.ActiveCfg = Debug|Any CPU
		{1514F1EF-3348-48A3-A1DC-7CC8FE7059C4}.Debug|Any CPU.Build.0 = Debug|Any CPU
		{1514F1EF-3348-48A3-A1DC-7CC8FE7059C4}.Release|Any CPU.ActiveCfg = Release|Any CPU
		{1514F1EF-3348-48A3-A1DC-7CC8FE7059C4}.Release|Any CPU.Build.0 = Release|Any CPU
		{D387BAA3-69F9-434E-94D4-95AFF4F68068}.Debug|Any CPU.ActiveCfg = Debug|Any CPU
		{D387BAA3-69F9-434E-94D4-95AFF4F68068}.Debug|Any CPU.Build.0 = Debug|Any CPU
		{D387BAA3-69F9-434E-94D4-95AFF4F68068}.Release|Any CPU.ActiveCfg = Release|Any CPU
		{D387BAA3-69F9-434E-94D4-95AFF4F68068}.Release|Any CPU.Build.0 = Release|Any CPU
	EndGlobalSection
	GlobalSection(SolutionProperties) = preSolution
		HideSolutionNode = FALSE
	EndGlobalSection
	GlobalSection(ExtensibilityGlobals) = postSolution
		SolutionGuid = {5BC2AF34-DE57-4739-B862-D0AB424FCA65}
	EndGlobalSection
EndGlobal
